
Microsoft Visual Studio Solution File, Format Version 12.00
# Visual Studio Version 17
VisualStudioVersion = 17.5.33627.172
MinimumVisualStudioVersion = 10.0.40219.1
Project("{9A19103F-16F7-4668-BE54-9A1E7A4F7556}") = "ConsoleApp", "Labs\ConsoleApp.csproj", "{42480C0B-E85F-495B-8F87-4DBA94938376}"
EndProject
Project("{9A19103F-16F7-4668-BE54-9A1E7A4F7556}") = "MyDeq", "MyDeq\MyDeq.csproj", "{896EE628-B1B2-4347-BB2F-2F7EFFFE916E}"
EndProject
Project("{FAE04EC0-301F-11D3-BF4B-00C04F79EFBC}") = "MyDeq.Tests", "MyDeq.Tests\MyDeq.Tests.csproj", "{19A78929-D116-4547-B013-B59FD2CE75D8}"
EndProject
Global
	GlobalSection(SolutionConfigurationPlatforms) = preSolution
		Debug|Any CPU = Debug|Any CPU
		Release|Any CPU = Release|Any CPU
	EndGlobalSection
	GlobalSection(ProjectConfigurationPlatforms) = postSolution
		{42480C0B-E85F-495B-8F87-4DBA94938376}.Debug|Any CPU.ActiveCfg = Debug|Any CPU
		{42480C0B-E85F-495B-8F87-4DBA94938376}.Debug|Any CPU.Build.0 = Debug|Any CPU
		{42480C0B-E85F-495B-8F87-4DBA94938376}.Release|Any CPU.ActiveCfg = Release|Any CPU
		{42480C0B-E85F-495B-8F87-4DBA94938376}.Release|Any CPU.Build.0 = Release|Any CPU
		{896EE628-B1B2-4347-BB2F-2F7EFFFE916E}.Debug|Any CPU.ActiveCfg = Debug|Any CPU
		{896EE628-B1B2-4347-BB2F-2F7EFFFE916E}.Debug|Any CPU.Build.0 = Debug|Any CPU
		{896EE628-B1B2-4347-BB2F-2F7EFFFE916E}.Release|Any CPU.ActiveCfg = Release|Any CPU
		{896EE628-B1B2-4347-BB2F-2F7EFFFE916E}.Release|Any CPU.Build.0 = Release|Any CPU
		{19A78929-D116-4547-B013-B59FD2CE75D8}.Debug|Any CPU.ActiveCfg = Debug|Any CPU
		{19A78929-D116-4547-B013-B59FD2CE75D8}.Debug|Any CPU.Build.0 = Debug|Any CPU
		{19A78929-D116-4547-B013-B59FD2CE75D8}.Release|Any CPU.ActiveCfg = Release|Any CPU
		{19A78929-D116-4547-B013-B59FD2CE75D8}.Release|Any CPU.Build.0 = Release|Any CPU
	EndGlobalSection
	GlobalSection(SolutionProperties) = preSolution
		HideSolutionNode = FALSE
	EndGlobalSection
	GlobalSection(ExtensibilityGlobals) = postSolution
		SolutionGuid = {3C81F55D-375E-4CAD-BE98-73BB70832C1A}
	EndGlobalSection
EndGlobal
